
Microsoft Visual Studio Solution File, Format Version 12.00
Project("{FAE04EC0-301F-11D3-BF4B-00C04F79EFBC}") = "SlocPorter", "SlocPorter\SlocPorter.csproj", "{D6C2118A-1450-411A-9BC6-D9F83A93B1D4}"
EndProject
Global
	GlobalSection(SolutionConfigurationPlatforms) = preSolution
		Debug|Any CPU = Debug|Any CPU
		Release|Any CPU = Release|Any CPU
	EndGlobalSection
	GlobalSection(ProjectConfigurationPlatforms) = postSolution
		{D6C2118A-1450-411A-9BC6-D9F83A93B1D4}.Debug|Any CPU.ActiveCfg = Debug|Any CPU
		{D6C2118A-1450-411A-9BC6-D9F83A93B1D4}.Debug|Any CPU.Build.0 = Debug|Any CPU
		{D6C2118A-1450-411A-9BC6-D9F83A93B1D4}.Release|Any CPU.ActiveCfg = Release|Any CPU
		{D6C2118A-1450-411A-9BC6-D9F83A93B1D4}.Release|Any CPU.Build.0 = Release|Any CPU
	EndGlobalSection
EndGlobal
